
Microsoft Visual Studio Solution File, Format Version 12.00
# Visual Studio 2012
Project("{D954291E-2A0B-460D-934E-DC6B0785DB48}") = "TwitterSearch", "TwitterSearch\TwitterSearch.shproj", "{C44D6D92-5268-48D0-A580-660A16C91C45}"
EndProject
Project("{FAE04EC0-301F-11D3-BF4B-00C04F79EFBC}") = "TwitterSearchiOS", "iOS\TwitterSearchiOS.csproj", "{57BB87A0-63A6-4565-BF13-6B7415C73964}"
EndProject
Global
	GlobalSection(SolutionConfigurationPlatforms) = preSolution
		Debug|iPhoneSimulator = Debug|iPhoneSimulator
		Release|iPhone = Release|iPhone
		Release|iPhoneSimulator = Release|iPhoneSimulator
		Debug|iPhone = Debug|iPhone
	EndGlobalSection
	GlobalSection(ProjectConfigurationPlatforms) = postSolution
		{57BB87A0-63A6-4565-BF13-6B7415C73964}.Debug|iPhoneSimulator.ActiveCfg = Debug|iPhoneSimulator
		{57BB87A0-63A6-4565-BF13-6B7415C73964}.Debug|iPhoneSimulator.Build.0 = Debug|iPhoneSimulator
		{57BB87A0-63A6-4565-BF13-6B7415C73964}.Release|iPhone.ActiveCfg = Release|iPhone
		{57BB87A0-63A6-4565-BF13-6B7415C73964}.Release|iPhone.Build.0 = Release|iPhone
		{57BB87A0-63A6-4565-BF13-6B7415C73964}.Release|iPhoneSimulator.ActiveCfg = Release|iPhoneSimulator
		{57BB87A0-63A6-4565-BF13-6B7415C73964}.Release|iPhoneSimulator.Build.0 = Release|iPhoneSimulator
		{57BB87A0-63A6-4565-BF13-6B7415C73964}.Debug|iPhone.ActiveCfg = Debug|iPhone
		{57BB87A0-63A6-4565-BF13-6B7415C73964}.Debug|iPhone.Build.0 = Debug|iPhone
	EndGlobalSection
EndGlobal
